
Microsoft Visual Studio Solution File, Format Version 12.00
# Visual Studio Version 16
VisualStudioVersion = 16.0.28315.86
MinimumVisualStudioVersion = 10.0.40219.1
Project("{2150E333-8FDC-42A3-9474-1A3956D46DE8}") = "Engine", "Engine", "{94A6C6F3-99B3-346E-9557-ABF9D4064DBD}"
EndProject
Project("{2150E333-8FDC-42A3-9474-1A3956D46DE8}") = "Games", "Games", "{8E2F6A87-1826-34F4-940C-CC23A48F9FE4}"
EndProject
Project("{8BC9CEB8-8B4A-11D0-8D11-00A0C91BC942}") = "UE4", "Intermediate\ProjectFiles\UE4.vcxproj", "{27ECB451-C90C-4D32-A770-BF07EBF2F6BE}"
EndProject
Project("{8BC9CEB8-8B4A-11D0-8D11-00A0C91BC942}") = "StoryModeProject", "Intermediate\ProjectFiles\StoryModeProject.vcxproj", "{EDCCABEA-BB27-4632-8546-C645F66F938D}"
EndProject
Project("{2150E333-8FDC-42A3-9474-1A3956D46DE8}") = "Visualizers", "Visualizers", "{1CCEC849-CC72-4C59-8C36-2F7C38706D4C}"
	ProjectSection(SolutionItems) = preProject
		..\..\Epic Games\UE_4.25\Engine\Extras\VisualStudioDebugging\UE4.natvis = ..\..\Epic Games\UE_4.25\Engine\Extras\VisualStudioDebugging\UE4.natvis
	EndProjectSection
EndProject
Global
	GlobalSection(SolutionConfigurationPlatforms) = preSolution
		DebugGame Editor|Android = DebugGame Editor|Android
		DebugGame Editor|Win32 = DebugGame Editor|Win32
		DebugGame Editor|Win64 = DebugGame Editor|Win64
		DebugGame|Android = DebugGame|Android
		DebugGame|Win32 = DebugGame|Win32
		DebugGame|Win64 = DebugGame|Win64
		Development Editor|Android = Development Editor|Android
		Development Editor|Win32 = Development Editor|Win32
		Development Editor|Win64 = Development Editor|Win64
		Development|Android = Development|Android
		Development|Win32 = Development|Win32
		Development|Win64 = Development|Win64
		Shipping|Android = Shipping|Android
		Shipping|Win32 = Shipping|Win32
		Shipping|Win64 = Shipping|Win64
	EndGlobalSection
	GlobalSection(ProjectConfigurationPlatforms) = postSolution
		{27ECB451-C90C-4D32-A770-BF07EBF2F6BE}.DebugGame Editor|Android.ActiveCfg = BuiltWithUnrealBuildTool|Win32
		{27ECB451-C90C-4D32-A770-BF07EBF2F6BE}.DebugGame Editor|Win32.ActiveCfg = BuiltWithUnrealBuildTool|Win32
		{27ECB451-C90C-4D32-A770-BF07EBF2F6BE}.DebugGame Editor|Win64.ActiveCfg = BuiltWithUnrealBuildTool|Win32
		{27ECB451-C90C-4D32-A770-BF07EBF2F6BE}.DebugGame|Android.ActiveCfg = BuiltWithUnrealBuildTool|Win32
		{27ECB451-C90C-4D32-A770-BF07EBF2F6BE}.DebugGame|Win32.ActiveCfg = BuiltWithUnrealBuildTool|Win32
		{27ECB451-C90C-4D32-A770-BF07EBF2F6BE}.DebugGame|Win64.ActiveCfg = BuiltWithUnrealBuildTool|Win32
		{27ECB451-C90C-4D32-A770-BF07EBF2F6BE}.Development Editor|Android.ActiveCfg = BuiltWithUnrealBuildTool|Win32
		{27ECB451-C90C-4D32-A770-BF07EBF2F6BE}.Development Editor|Win32.ActiveCfg = BuiltWithUnrealBuildTool|Win32
		{27ECB451-C90C-4D32-A770-BF07EBF2F6BE}.Development Editor|Win64.ActiveCfg = BuiltWithUnrealBuildTool|Win32
		{27ECB451-C90C-4D32-A770-BF07EBF2F6BE}.Development|Android.ActiveCfg = BuiltWithUnrealBuildTool|Win32
		{27ECB451-C90C-4D32-A770-BF07EBF2F6BE}.Development|Win32.ActiveCfg = BuiltWithUnrealBuildTool|Win32
		{27ECB451-C90C-4D32-A770-BF07EBF2F6BE}.Development|Win64.ActiveCfg = BuiltWithUnrealBuildTool|Win32
		{27ECB451-C90C-4D32-A770-BF07EBF2F6BE}.Shipping|Android.ActiveCfg = BuiltWithUnrealBuildTool|Win32
		{27ECB451-C90C-4D32-A770-BF07EBF2F6BE}.Shipping|Win32.ActiveCfg = BuiltWithUnrealBuildTool|Win32
		{27ECB451-C90C-4D32-A770-BF07EBF2F6BE}.Shipping|Win64.ActiveCfg = BuiltWithUnrealBuildTool|Win32
		{EDCCABEA-BB27-4632-8546-C645F66F938D}.DebugGame Editor|Android.ActiveCfg = Invalid|Win32
		{EDCCABEA-BB27-4632-8546-C645F66F938D}.DebugGame Editor|Win32.ActiveCfg = Invalid|Win32
		{EDCCABEA-BB27-4632-8546-C645F66F938D}.DebugGame Editor|Win64.ActiveCfg = DebugGame_Editor|x64
		{EDCCABEA-BB27-4632-8546-C645F66F938D}.DebugGame Editor|Win64.Build.0 = DebugGame_Editor|x64
		{EDCCABEA-BB27-4632-8546-C645F66F938D}.DebugGame|Android.ActiveCfg = Android_DebugGame|Win32
		{EDCCABEA-BB27-4632-8546-C645F66F938D}.DebugGame|Android.Build.0 = Android_DebugGame|Win32
		{EDCCABEA-BB27-4632-8546-C645F66F938D}.DebugGame|Win32.ActiveCfg = DebugGame|Win32
		{EDCCABEA-BB27-4632-8546-C645F66F938D}.DebugGame|Win32.Build.0 = DebugGame|Win32
		{EDCCABEA-BB27-4632-8546-C645F66F938D}.DebugGame|Win64.ActiveCfg = DebugGame|x64
		{EDCCABEA-BB27-4632-8546-C645F66F938D}.DebugGame|Win64.Build.0 = DebugGame|x64
		{EDCCABEA-BB27-4632-8546-C645F66F938D}.Development Editor|Android.ActiveCfg = Invalid|Win32
		{EDCCABEA-BB27-4632-8546-C645F66F938D}.Development Editor|Win32.ActiveCfg = Invalid|Win32
		{EDCCABEA-BB27-4632-8546-C645F66F938D}.Development Editor|Win64.ActiveCfg = Development_Editor|x64
		{EDCCABEA-BB27-4632-8546-C645F66F938D}.Development Editor|Win64.Build.0 = Development_Editor|x64
		{EDCCABEA-BB27-4632-8546-C645F66F938D}.Development|Android.ActiveCfg = Android_Development|Win32
		{EDCCABEA-BB27-4632-8546-C645F66F938D}.Development|Android.Build.0 = Android_Development|Win32
		{EDCCABEA-BB27-4632-8546-C645F66F938D}.Development|Win32.ActiveCfg = Development|Win32
		{EDCCABEA-BB27-4632-8546-C645F66F938D}.Development|Win32.Build.0 = Development|Win32
		{EDCCABEA-BB27-4632-8546-C645F66F938D}.Development|Win64.ActiveCfg = Development|x64
		{EDCCABEA-BB27-4632-8546-C645F66F938D}.Development|Win64.Build.0 = Development|x64
		{EDCCABEA-BB27-4632-8546-C645F66F938D}.Shipping|Android.ActiveCfg = Android_Shipping|Win32
		{EDCCABEA-BB27-4632-8546-C645F66F938D}.Shipping|Android.Build.0 = Android_Shipping|Win32
		{EDCCABEA-BB27-4632-8546-C645F66F938D}.Shipping|Win32.ActiveCfg = Shipping|Win32
		{EDCCABEA-BB27-4632-8546-C645F66F938D}.Shipping|Win32.Build.0 = Shipping|Win32
		{EDCCABEA-BB27-4632-8546-C645F66F938D}.Shipping|Win64.ActiveCfg = Shipping|x64
		{EDCCABEA-BB27-4632-8546-C645F66F938D}.Shipping|Win64.Build.0 = Shipping|x64
	EndGlobalSection
	GlobalSection(SolutionProperties) = preSolution
		HideSolutionNode = FALSE
	EndGlobalSection
	GlobalSection(NestedProjects) = preSolution
		{27ECB451-C90C-4D32-A770-BF07EBF2F6BE} = {94A6C6F3-99B3-346E-9557-ABF9D4064DBD}
		{EDCCABEA-BB27-4632-8546-C645F66F938D} = {8E2F6A87-1826-34F4-940C-CC23A48F9FE4}
	EndGlobalSection
EndGlobal
